// !$*UTF8*$!
{
	archiveVersion = 1;
	classes = {
	};
	objectVersion = 46;
	objects = {

/* Begin PBXBuildFile section */
		1B2B8A9C1A9E377600180044 /* SecondViewController.m in Sources */ = {isa = PBXBuildFile; fileRef = 1B2B8A9B1A9E377600180044 /* SecondViewController.m */; };
		1BB0D8E41A94F38900693F17 /* main.m in Sources */ = {isa = PBXBuildFile; fileRef = 1BB0D8E31A94F38900693F17 /* main.m */; };
		1BB0D8E71A94F38900693F17 /* AppDelegate.m in Sources */ = {isa = PBXBuildFile; fileRef = 1BB0D8E61A94F38900693F17 /* AppDelegate.m */; };
		1BB0D8EA1A94F38900693F17 /* ViewController.m in Sources */ = {isa = PBXBuildFile; fileRef = 1BB0D8E91A94F38900693F17 /* ViewController.m */; };
		1BB0D8EF1A94F38900693F17 /* Images.xcassets in Resources */ = {isa = PBXBuildFile; fileRef = 1BB0D8EE1A94F38900693F17 /* Images.xcassets */; };
		1BB0D8F21A94F38900693F17 /* LaunchScreen.xib in Resources */ = {isa = PBXBuildFile; fileRef = 1BB0D8F01A94F38900693F17 /* LaunchScreen.xib */; };
		1BB0D8FE1A94F38900693F17 /* Team_AwesomeTests.m in Sources */ = {isa = PBXBuildFile; fileRef = 1BB0D8FD1A94F38900693F17 /* Team_AwesomeTests.m */; };
/* End PBXBuildFile section */

/* Begin PBXContainerItemProxy section */
		1BB0D8F81A94F38900693F17 /* PBXContainerItemProxy */ = {
			isa = PBXContainerItemProxy;
			containerPortal = 1BB0D8D61A94F38900693F17 /* Project object */;
			proxyType = 1;
			remoteGlobalIDString = 1BB0D8DD1A94F38900693F17;
			remoteInfo = "Team Awesome";
		};
/* End PBXContainerItemProxy section */

/* Begin PBXFileReference section */
		1B2B8A9A1A9E377600180044 /* SecondViewController.h */ = {isa = PBXFileReference; fileEncoding = 4; lastKnownFileType = sourcecode.c.h; path = SecondViewController.h; sourceTree = "<group>"; };
		1B2B8A9B1A9E377600180044 /* SecondViewController.m */ = {isa = PBXFileReference; fileEncoding = 4; lastKnownFileType = sourcecode.c.objc; path = SecondViewController.m; sourceTree = "<group>"; };
		1BB0D8DE1A94F38900693F17 /* Team Awesome.app */ = {isa = PBXFileReference; explicitFileType = wrapper.application; includeInIndex = 0; path = "Team Awesome.app"; sourceTree = BUILT_PRODUCTS_DIR; };
		1BB0D8E21A94F38900693F17 /* Info.plist */ = {isa = PBXFileReference; lastKnownFileType = text.plist.xml; path = Info.plist; sourceTree = "<group>"; };
		1BB0D8E31A94F38900693F17 /* main.m */ = {isa = PBXFileReference; lastKnownFileType = sourcecode.c.objc; path = main.m; sourceTree = "<group>"; };
		1BB0D8E51A94F38900693F17 /* AppDelegate.h */ = {isa = PBXFileReference; lastKnownFileType = sourcecode.c.h; path = AppDelegate.h; sourceTree = "<group>"; };
		1BB0D8E61A94F38900693F17 /* AppDelegate.m */ = {isa = PBXFileReference; lastKnownFileType = sourcecode.c.objc; path = AppDelegate.m; sourceTree = "<group>"; };
		1BB0D8E81A94F38900693F17 /* ViewController.h */ = {isa = PBXFileReference; lastKnownFileType = sourcecode.c.h; path = ViewController.h; sourceTree = "<group>"; };
		1BB0D8E91A94F38900693F17 /* ViewController.m */ = {isa = PBXFileReference; lastKnownFileType = sourcecode.c.objc; path = ViewController.m; sourceTree = "<group>"; };
		1BB0D8EE1A94F38900693F17 /* Images.xcassets */ = {isa = PBXFileReference; lastKnownFileType = folder.assetcatalog; path = Images.xcassets; sourceTree = "<group>"; };
		1BB0D8F11A94F38900693F17 /* Base */ = {isa = PBXFileReference; lastKnownFileType = file.xib; name = Base; path = Base.lproj/LaunchScreen.xib; sourceTree = "<group>"; };
		1BB0D8F71A94F38900693F17 /* Team AwesomeTests.xctest */ = {isa = PBXFileReference; explicitFileType = wrapper.cfbundle; includeInIndex = 0; path = "Team AwesomeTests.xctest"; sourceTree = BUILT_PRODUCTS_DIR; };
		1BB0D8FC1A94F38900693F17 /* Info.plist */ = {isa = PBXFileReference; lastKnownFileType = text.plist.xml; path = Info.plist; sourceTree = "<group>"; };
		1BB0D8FD1A94F38900693F17 /* Team_AwesomeTests.m */ = {isa = PBXFileReference; lastKnownFileType = sourcecode.c.objc; path = Team_AwesomeTests.m; sourceTree = "<group>"; };
/* End PBXFileReference section */

/* Begin PBXFrameworksBuildPhase section */
		1BB0D8DB1A94F38900693F17 /* Frameworks */ = {
			isa = PBXFrameworksBuildPhase;
			buildActionMask = 2147483647;
			files = (
			);
			runOnlyForDeploymentPostprocessing = 0;
		};
		1BB0D8F41A94F38900693F17 /* Frameworks */ = {
			isa = PBXFrameworksBuildPhase;
			buildActionMask = 2147483647;
			files = (
			);
			runOnlyForDeploymentPostprocessing = 0;
		};
/* End PBXFrameworksBuildPhase section */

/* Begin PBXGroup section */
		1BB0D8D51A94F38900693F17 = {
			isa = PBXGroup;
			children = (
				1BB0D8E01A94F38900693F17 /* Team Awesome */,
				1BB0D8FA1A94F38900693F17 /* Team AwesomeTests */,
				1BB0D8DF1A94F38900693F17 /* Products */,
			);
			sourceTree = "<group>";
		};
		1BB0D8DF1A94F38900693F17 /* Products */ = {
			isa = PBXGroup;
			children = (
				1BB0D8DE1A94F38900693F17 /* Team Awesome.app */,
				1BB0D8F71A94F38900693F17 /* Team AwesomeTests.xctest */,
			);
			name = Products;
			sourceTree = "<group>";
		};
		1BB0D8E01A94F38900693F17 /* Team Awesome */ = {
			isa = PBXGroup;
			children = (
				1BB0D8E51A94F38900693F17 /* AppDelegate.h */,
				1BB0D8E61A94F38900693F17 /* AppDelegate.m */,
				1BB0D8E81A94F38900693F17 /* ViewController.h */,
				1B2B8A9A1A9E377600180044 /* SecondViewController.h */,
				1B2B8A9B1A9E377600180044 /* SecondViewController.m */,
				1BB0D8E91A94F38900693F17 /* ViewController.m */,
				1BB0D8EE1A94F38900693F17 /* Images.xcassets */,
				1BB0D8F01A94F38900693F17 /* LaunchScreen.xib */,
				1BB0D8E11A94F38900693F17 /* Supporting Files */,
			);
			path = "Team Awesome";
			sourceTree = "<group>";
		};
		1BB0D8E11A94F38900693F17 /* Supporting Files */ = {
			isa = PBXGroup;
			children = (
				1BB0D8E21A94F38900693F17 /* Info.plist */,
				1BB0D8E31A94F38900693F17 /* main.m */,
			);
			name = "Supporting Files";
			sourceTree = "<group>";
		};
		1BB0D8FA1A94F38900693F17 /* Team AwesomeTests */ = {
			isa = PBXGroup;
			children = (
				1BB0D8FD1A94F38900693F17 /* Team_AwesomeTests.m */,
				1BB0D8FB1A94F38900693F17 /* Supporting Files */,
			);
			path = "Team AwesomeTests";
			sourceTree = "<group>";
		};
		1BB0D8FB1A94F38900693F17 /* Supporting Files */ = {
			isa = PBXGroup;
			children = (
				1BB0D8FC1A94F38900693F17 /* Info.plist */,
			);
			name = "Supporting Files";
			sourceTree = "<group>";
		};
/* End PBXGroup section */

/* Begin PBXNativeTarget section */
		1BB0D8DD1A94F38900693F17 /* Team Awesome */ = {
			isa = PBXNativeTarget;
			buildConfigurationList = 1BB0D9011A94F38900693F17 /* Build configuration list for PBXNativeTarget "Team Awesome" */;
			buildPhases = (
				1BB0D8DA1A94F38900693F17 /* Sources */,
				1BB0D8DB1A94F38900693F17 /* Frameworks */,
				1BB0D8DC1A94F38900693F17 /* Resources */,
			);
			buildRules = (
			);
			dependencies = (
			);
			name = "Team Awesome";
			productName = "Team Awesome";
			productReference = 1BB0D8DE1A94F38900693F17 /* Team Awesome.app */;
			productType = "com.apple.product-type.application";
		};
		1BB0D8F61A94F38900693F17 /* Team AwesomeTests */ = {
			isa = PBXNativeTarget;
			buildConfigurationList = 1BB0D9041A94F38900693F17 /* Build configuration list for PBXNativeTarget "Team AwesomeTests" */;
			buildPhases = (
				1BB0D8F31A94F38900693F17 /* Sources */,
				1BB0D8F41A94F38900693F17 /* Frameworks */,
				1BB0D8F51A94F38900693F17 /* Resources */,
			);
			buildRules = (
			);
			dependencies = (
				1BB0D8F91A94F38900693F17 /* PBXTargetDependency */,
			);
			name = "Team AwesomeTests";
			productName = "Team AwesomeTests";
			productReference = 1BB0D8F71A94F38900693F17 /* Team AwesomeTests.xctest */;
			productType = "com.apple.product-type.bundle.unit-test";
		};
/* End PBXNativeTarget section */

/* Begin PBXProject section */
		1BB0D8D61A94F38900693F17 /* Project object */ = {
			isa = PBXProject;
			attributes = {
				LastUpgradeCheck = 0610;
				ORGANIZATIONNAME = "Liviu Maria";
				TargetAttributes = {
					1BB0D8DD1A94F38900693F17 = {
						CreatedOnToolsVersion = 6.1.1;
					};
					1BB0D8F61A94F38900693F17 = {
						CreatedOnToolsVersion = 6.1.1;
						TestTargetID = 1BB0D8DD1A94F38900693F17;
					};
				};
			};
			buildConfigurationList = 1BB0D8D91A94F38900693F17 /* Build configuration list for PBXProject "Team Awesome" */;
			compatibilityVersion = "Xcode 3.2";
			developmentRegion = English;
			hasScannedForEncodings = 0;
			knownRegions = (
				en,
				Base,
			);
			mainGroup = 1BB0D8D51A94F38900693F17;
			productRefGroup = 1BB0D8DF1A94F38900693F17 /* Products */;
			projectDirPath = "";
			projectRoot = "";
			targets = (
				1BB0D8DD1A94F38900693F17 /* Team Awesome */,
				1BB0D8F61A94F38900693F17 /* Team AwesomeTests */,
			);
		};
/* End PBXProject section */

/* Begin PBXResourcesBuildPhase section */
		1BB0D8DC1A94F38900693F17 /* Resources */ = {
			isa = PBXResourcesBuildPhase;
			buildActionMask = 2147483647;
			files = (
				1BB0D8F21A94F38900693F17 /* LaunchScreen.xib in Resources */,
				1BB0D8EF1A94F38900693F17 /* Images.xcassets in Resources */,
			);
			runOnlyForDeploymentPostprocessing = 0;
		};
		1BB0D8F51A94F38900693F17 /* Resources */ = {
			isa = PBXResourcesBuildPhase;
			buildActionMask = 2147483647;
			files = (
			);
			runOnlyForDeploymentPostprocessing = 0;
		};
/* End PBXResourcesBuildPhase section */

/* Begin PBXSourcesBuildPhase section */
		1BB0D8DA1A94F38900693F17 /* Sources */ = {
			isa = PBXSourcesBuildPhase;
			buildActionMask = 2147483647;
			files = (
				1B2B8A9C1A9E377600180044 /* SecondViewController.m in Sources */,
				1BB0D8EA1A94F38900693F17 /* ViewController.m in Sources */,
				1BB0D8E71A94F38900693F17 /* AppDelegate.m in Sources */,
				1BB0D8E41A94F38900693F17 /* main.m in Sources */,
			);
			runOnlyForDeploymentPostprocessing = 0;
		};
		1BB0D8F31A94F38900693F17 /* Sources */ = {
			isa = PBXSourcesBuildPhase;
			buildActionMask = 2147483647;
			files = (
				1BB0D8FE1A94F38900693F17 /* Team_AwesomeTests.m in Sources */,
			);
			runOnlyForDeploymentPostprocessing = 0;
		};
/* End PBXSourcesBuildPhase section */

/* Begin PBXTargetDependency section */
		1BB0D8F91A94F38900693F17 /* PBXTargetDependency */ = {
			isa = PBXTargetDependency;
			target = 1BB0D8DD1A94F38900693F17 /* Team Awesome */;
			targetProxy = 1BB0D8F81A94F38900693F17 /* PBXContainerItemProxy */;
		};
/* End PBXTargetDependency section */

/* Begin PBXVariantGroup section */
		1BB0D8F01A94F38900693F17 /* LaunchScreen.xib */ = {
			isa = PBXVariantGroup;
			children = (
				1BB0D8F11A94F38900693F17 /* Base */,
			);
			name = LaunchScreen.xib;
			sourceTree = "<group>";
		};
/* End PBXVariantGroup section */

/* Begin XCBuildConfiguration section */
		1BB0D8FF1A94F38900693F17 /* Debug */ = {
			isa = XCBuildConfiguration;
			buildSettings = {
				ALWAYS_SEARCH_USER_PATHS = NO;
				CLANG_CXX_LANGUAGE_STANDARD = "gnu++0x";
				CLANG_CXX_LIBRARY = "libc++";
				CLANG_ENABLE_MODULES = YES;
				CLANG_ENABLE_OBJC_ARC = YES;
				CLANG_WARN_BOOL_CONVERSION = YES;
				CLANG_WARN_CONSTANT_CONVERSION = YES;
				CLANG_WARN_DIRECT_OBJC_ISA_USAGE = YES_ERROR;
				CLANG_WARN_EMPTY_BODY = YES;
				CLANG_WARN_ENUM_CONVERSION = YES;
				CLANG_WARN_INT_CONVERSION = YES;
				CLANG_WARN_OBJC_ROOT_CLASS = YES_ERROR;
				CLANG_WARN_UNREACHABLE_CODE = YES;
				CLANG_WARN__DUPLICATE_METHOD_MATCH = YES;
				"CODE_SIGN_IDENTITY[sdk=iphoneos*]" = "iPhone Developer";
				COPY_PHASE_STRIP = NO;
				ENABLE_STRICT_OBJC_MSGSEND = YES;
				GCC_C_LANGUAGE_STANDARD = gnu99;
				GCC_DYNAMIC_NO_PIC = NO;
				GCC_OPTIMIZATION_LEVEL = 0;
				GCC_PREPROCESSOR_DEFINITIONS = (
					"DEBUG=1",
					"$(inherited)",
				);
				GCC_SYMBOLS_PRIVATE_EXTERN = NO;
				GCC_WARN_64_TO_32_BIT_CONVERSION = YES;
				GCC_WARN_ABOUT_RETURN_TYPE = YES_ERROR;
				GCC_WARN_UNDECLARED_SELECTOR = YES;
				GCC_WARN_UNINITIALIZED_AUTOS = YES_AGGRESSIVE;
				GCC_WARN_UNUSED_FUNCTION = YES;
				GCC_WARN_UNUSED_VARIABLE = YES;
				IPHONEOS_DEPLOYMENT_TARGET = 8.1;
				MTL_ENABLE_DEBUG_INFO = YES;
				ONLY_ACTIVE_ARCH = YES;
				SDKROOT = iphoneos;
			};
			name = Debug;
		};
		1BB0D9001A94F38900693F17 /* Release */ = {
			isa = XCBuildConfiguration;
			buildSettings = {
				ALWAYS_SEARCH_USER_PATHS = NO;
				CLANG_CXX_LANGUAGE_STANDARD = "gnu++0x";
				CLANG_CXX_LIBRARY = "libc++";
				CLANG_ENABLE_MODULES = YES;
				CLANG_ENABLE_OBJC_ARC = YES;
				CLANG_WARN_BOOL_CONVERSION = YES;
				CLANG_WARN_CONSTANT_CONVERSION = YES;
				CLANG_WARN_DIRECT_OBJC_ISA_USAGE = YES_ERROR;
				CLANG_WARN_EMPTY_BODY = YES;
				CLANG_WARN_ENUM_CONVERSION = YES;
				CLANG_WARN_INT_CONVERSION = YES;
				CLANG_WARN_OBJC_ROOT_CLASS = YES_ERROR;
				CLANG_WARN_UNREACHABLE_CODE = YES;
				CLANG_WARN__DUPLICATE_METHOD_MATCH = YES;
				"CODE_SIGN_IDENTITY[sdk=iphoneos*]" = "iPhone Developer";
				COPY_PHASE_STRIP = YES;
				ENABLE_NS_ASSERTIONS = NO;
				ENABLE_STRICT_OBJC_MSGSEND = YES;
				GCC_C_LANGUAGE_STANDARD = gnu99;
				GCC_WARN_64_TO_32_BIT_CONVERSION = YES;
				GCC_WARN_ABOUT_RETURN_TYPE = YES_ERROR;
				GCC_WARN_UNDECLARED_SELECTOR = YES;
				GCC_WARN_UNINITIALIZED_AUTOS = YES_AGGRESSIVE;
				GCC_WARN_UNUSED_FUNCTION = YES;
				GCC_WARN_UNUSED_VARIABLE = YES;
				IPHONEOS_DEPLOYMENT_TARGET = 8.1;
				MTL_ENABLE_DEBUG_INFO = NO;
				SDKROOT = iphoneos;
				VALIDATE_PRODUCT = YES;
			};
			name = Release;
		};
		1BB0D9021A94F38900693F17 /* Debug */ = {
			isa = XCBuildConfiguration;
			buildSettings = {
				ASSETCATALOG_COMPILER_APPICON_NAME = AppIcon;
				INFOPLIST_FILE = "Team Awesome/Info.plist";
				LD_RUNPATH_SEARCH_PATHS = "$(inherited) @executable_path/Frameworks";
				PRODUCT_NAME = "$(TARGET_NAME)";
			};
			name = Debug;
		};
		1BB0D9031A94F38900693F17 /* Release */ = {
			isa = XCBuildConfiguration;
			buildSettings = {
				ASSETCATALOG_COMPILER_APPICON_NAME = AppIcon;
				INFOPLIST_FILE = "Team Awesome/Info.plist";
				LD_RUNPATH_SEARCH_PATHS = "$(inherited) @executable_path/Frameworks";
				PRODUCT_NAME = "$(TARGET_NAME)";
			};
			name = Release;
		};
		1BB0D9051A94F38900693F17 /* Debug */ = {
			isa = XCBuildConfiguration;
			buildSettings = {
				BUNDLE_LOADER = "$(TEST_HOST)";
				FRAMEWORK_SEARCH_PATHS = (
					"$(SDKROOT)/Developer/Library/Frameworks",
					"$(inherited)",
				);
				GCC_PREPROCESSOR_DEFINITIONS = (
					"DEBUG=1",
					"$(inherited)",
				);
				INFOPLIST_FILE = "Team AwesomeTests/Info.plist";
				LD_RUNPATH_SEARCH_PATHS = "$(inherited) @executable_path/Frameworks @loader_path/Frameworks";
				PRODUCT_NAME = "$(TARGET_NAME)";
				TEST_HOST = "$(BUILT_PRODUCTS_DIR)/Team Awesome.app/Team Awesome";
			};
			name = Debug;
		};
		1BB0D9061A94F38900693F17 /* Release */ = {
			isa = XCBuildConfiguration;
			buildSettings = {
				BUNDLE_LOADER = "$(TEST_HOST)";
				FRAMEWORK_SEARCH_PATHS = (
					"$(SDKROOT)/Developer/Library/Frameworks",
					"$(inherited)",
				);
				INFOPLIST_FILE = "Team AwesomeTests/Info.plist";
				LD_RUNPATH_SEARCH_PATHS = "$(inherited) @executable_path/Frameworks @loader_path/Frameworks";
				PRODUCT_NAME = "$(TARGET_NAME)";
				TEST_HOST = "$(BUILT_PRODUCTS_DIR)/Team Awesome.app/Team Awesome";
			};
			name = Release;
		};
/* End XCBuildConfiguration section */

/* Begin XCConfigurationList section */
		1BB0D8D91A94F38900693F17 /* Build configuration list for PBXProject "Team Awesome" */ = {
			isa = XCConfigurationList;
			buildConfigurations = (
				1BB0D8FF1A94F38900693F17 /* Debug */,
				1BB0D9001A94F38900693F17 /* Release */,
			);
			defaultConfigurationIsVisible = 0;
			defaultConfigurationName = Release;
		};
		1BB0D9011A94F38900693F17 /* Build configuration list for PBXNativeTarget "Team Awesome" */ = {
			isa = XCConfigurationList;
			buildConfigurations = (
				1BB0D9021A94F38900693F17 /* Debug */,
				1BB0D9031A94F38900693F17 /* Release */,
			);
			defaultConfigurationIsVisible = 0;
			defaultConfigurationName = Release;
		};
		1BB0D9041A94F38900693F17 /* Build configuration list for PBXNativeTarget "Team AwesomeTests" */ = {
			isa = XCConfigurationList;
			buildConfigurations = (
				1BB0D9051A94F38900693F17 /* Debug */,
				1BB0D9061A94F38900693F17 /* Release */,
			);
			defaultConfigurationIsVisible = 0;
			defaultConfigurationName = Release;
		};
/* End XCConfigurationList section */
	};
	rootObject = 1BB0D8D61A94F38900693F17 /* Project object */;
}
